# THIS IS AN AUTOGENERATED FILE. DO NOT EDIT THIS FILE DIRECTLY.
# yarn lockfile v1


cyprus@^1.0.0:
  version "1.0.0"
  resolved "https://registry.yarnpkg.com/cyprus/-/cyprus-1.0.0.tgz#7f93028428d87e350d03e3d4bc405c0b872a15cc"
  integrity sha1-f5MChCjYfjUNA+PUvEBcC4cqFcw=
  dependencies:
    jopa "2.0.0"

jopa@2.0.0:
  version "2.0.0"
  resolved "https://registry.yarnpkg.com/jopa/-/jopa-2.0.0.tgz#adf9d5559d0945bcc0cb3f3a87d04563d02432ac"
  integrity sha1-rfnVVZ0JRbzAyz86h9BFY9AkMqw=
